
Microsoft Visual Studio Solution File, Format Version 12.00
# Visual Studio Version 17
VisualStudioVersion = 17.6.33723.286
MinimumVisualStudioVersion = 10.0.40219.1
Project("{FAE04EC0-301F-11D3-BF4B-00C04F79EFBC}") = "BloodBankManagementSystem", "BloodBankManagementSystem\BloodBankManagementSystem.csproj", "{C3976B87-B3A4-4064-999B-53FD908FC8A2}"
EndProject
Global
	GlobalSection(SolutionConfigurationPlatforms) = preSolution
		Debug|Any CPU = Debug|Any CPU
		Release|Any CPU = Release|Any CPU
	EndGlobalSection
	GlobalSection(ProjectConfigurationPlatforms) = postSolution
		{C3976B87-B3A4-4064-999B-53FD908FC8A2}.Debug|Any CPU.ActiveCfg = Debug|Any CPU
		{C3976B87-B3A4-4064-999B-53FD908FC8A2}.Debug|Any CPU.Build.0 = Debug|Any CPU
		{C3976B87-B3A4-4064-999B-53FD908FC8A2}.Release|Any CPU.ActiveCfg = Release|Any CPU
		{C3976B87-B3A4-4064-999B-53FD908FC8A2}.Release|Any CPU.Build.0 = Release|Any CPU
	EndGlobalSection
	GlobalSection(SolutionProperties) = preSolution
		HideSolutionNode = FALSE
	EndGlobalSection
	GlobalSection(ExtensibilityGlobals) = postSolution
		SolutionGuid = {99BA25BE-0825-41EF-8B3B-194BEE4179C7}
	EndGlobalSection
EndGlobal
